{
	"name": "interior",
	"requires": true,
	"lockfileVersion": 1,
	"dependencies": {
		"@types/three": {
			"version": "0.125.3",
			"resolved": "https://registry.npmjs.org/@types/three/-/three-0.125.3.tgz",
			"integrity": "sha512-tUPMzKooKDvMOhqcNVUPwkt+JNnF8ASgWSsrLgleVd0SjLj4boJhteSsF9f6YDjye0mmUjO+BDMWW83F97ehXA==",
			"dev": true
		}
	}
}
